// !$*UTF8*$!
{
	archiveVersion = 1;
	classes = {
	};
	objectVersion = 50;
	objects = {

/* Begin PBXBuildFile section */
		66639C1A24B3CF4300EC0E71 /* AppDelegate.swift in Sources */ = {isa = PBXBuildFile; fileRef = 66639C1924B3CF4300EC0E71 /* AppDelegate.swift */; };
		66639C1E24B3CF4300EC0E71 /* ViewController.swift in Sources */ = {isa = PBXBuildFile; fileRef = 66639C1D24B3CF4300EC0E71 /* ViewController.swift */; };
		66639C2024B3CF5800EC0E71 /* Assets.xcassets in Resources */ = {isa = PBXBuildFile; fileRef = 66639C1F24B3CF5800EC0E71 /* Assets.xcassets */; };
		66639C2324B3CF5800EC0E71 /* Preview Assets.xcassets in Resources */ = {isa = PBXBuildFile; fileRef = 66639C2224B3CF5800EC0E71 /* Preview Assets.xcassets */; };
		66639C2624B3CF5800EC0E71 /* LaunchScreen.storyboard in Resources */ = {isa = PBXBuildFile; fileRef = 66639C2424B3CF5800EC0E71 /* LaunchScreen.storyboard */; };
		66639C3124B3CF5800EC0E71 /* MemorygameTests.swift in Sources */ = {isa = PBXBuildFile; fileRef = 66639C3024B3CF5800EC0E71 /* MemorygameTests.swift */; };
		66639C3C24B3CF5800EC0E71 /* MemorygameUITests.swift in Sources */ = {isa = PBXBuildFile; fileRef = 66639C3B24B3CF5800EC0E71 /* MemorygameUITests.swift */; };
		66CB5CAA24B3D6C300D450D5 /* Main.storyboard in Resources */ = {isa = PBXBuildFile; fileRef = 66CB5CA824B3D6C300D450D5 /* Main.storyboard */; };
/* End PBXBuildFile section */

/* Begin PBXContainerItemProxy section */
		66639C2D24B3CF5800EC0E71 /* PBXContainerItemProxy */ = {
			isa = PBXContainerItemProxy;
			containerPortal = 66639C0E24B3CF4300EC0E71 /* Project object */;
			proxyType = 1;
			remoteGlobalIDString = 66639C1524B3CF4300EC0E71;
			remoteInfo = Memorygame;
		};
		66639C3824B3CF5800EC0E71 /* PBXContainerItemProxy */ = {
			isa = PBXContainerItemProxy;
			containerPortal = 66639C0E24B3CF4300EC0E71 /* Project object */;
			proxyType = 1;
			remoteGlobalIDString = 66639C1524B3CF4300EC0E71;
			remoteInfo = Memorygame;
		};
/* End PBXContainerItemProxy section */

/* Begin PBXFileReference section */
		66639C1624B3CF4300EC0E71 /* Memorygame.app */ = {isa = PBXFileReference; explicitFileType = wrapper.application; includeInIndex = 0; path = Memorygame.app; sourceTree = BUILT_PRODUCTS_DIR; };
		66639C1924B3CF4300EC0E71 /* AppDelegate.swift */ = {isa = PBXFileReference; lastKnownFileType = sourcecode.swift; path = AppDelegate.swift; sourceTree = "<group>"; };
		66639C1D24B3CF4300EC0E71 /* ViewController.swift */ = {isa = PBXFileReference; lastKnownFileType = sourcecode.swift; path = ViewController.swift; sourceTree = "<group>"; };
		66639C1F24B3CF5800EC0E71 /* Assets.xcassets */ = {isa = PBXFileReference; lastKnownFileType = folder.assetcatalog; path = Assets.xcassets; sourceTree = "<group>"; };
		66639C2224B3CF5800EC0E71 /* Preview Assets.xcassets */ = {isa = PBXFileReference; lastKnownFileType = folder.assetcatalog; path = "Preview Assets.xcassets"; sourceTree = "<group>"; };
		66639C2524B3CF5800EC0E71 /* Base */ = {isa = PBXFileReference; lastKnownFileType = file.storyboard; name = Base; path = Base.lproj/LaunchScreen.storyboard; sourceTree = "<group>"; };
		66639C2724B3CF5800EC0E71 /* Info.plist */ = {isa = PBXFileReference; lastKnownFileType = text.plist.xml; path = Info.plist; sourceTree = "<group>"; };
		66639C2C24B3CF5800EC0E71 /* MemorygameTests.xctest */ = {isa = PBXFileReference; explicitFileType = wrapper.cfbundle; includeInIndex = 0; path = MemorygameTests.xctest; sourceTree = BUILT_PRODUCTS_DIR; };
		66639C3024B3CF5800EC0E71 /* MemorygameTests.swift */ = {isa = PBXFileReference; lastKnownFileType = sourcecode.swift; path = MemorygameTests.swift; sourceTree = "<group>"; };
		66639C3224B3CF5800EC0E71 /* Info.plist */ = {isa = PBXFileReference; lastKnownFileType = text.plist.xml; path = Info.plist; sourceTree = "<group>"; };
		66639C3724B3CF5800EC0E71 /* MemorygameUITests.xctest */ = {isa = PBXFileReference; explicitFileType = wrapper.cfbundle; includeInIndex = 0; path = MemorygameUITests.xctest; sourceTree = BUILT_PRODUCTS_DIR; };
		66639C3B24B3CF5800EC0E71 /* MemorygameUITests.swift */ = {isa = PBXFileReference; lastKnownFileType = sourcecode.swift; path = MemorygameUITests.swift; sourceTree = "<group>"; };
		66639C3D24B3CF5800EC0E71 /* Info.plist */ = {isa = PBXFileReference; lastKnownFileType = text.plist.xml; path = Info.plist; sourceTree = "<group>"; };
		66CB5CA924B3D6C300D450D5 /* Base */ = {isa = PBXFileReference; lastKnownFileType = file.storyboard; name = Base; path = "../../../../Downloads/Concentration-336af416943a168a517740547592a2d7c6c2ba6c/Concentration/Concentration/Base.lproj/Main.storyboard"; sourceTree = "<group>"; };
/* End PBXFileReference section */

/* Begin PBXFrameworksBuildPhase section */
		66639C1324B3CF4300EC0E71 /* Frameworks */ = {
			isa = PBXFrameworksBuildPhase;
			buildActionMask = 2147483647;
			files = (
			);
			runOnlyForDeploymentPostprocessing = 0;
		};
		66639C2924B3CF5800EC0E71 /* Frameworks */ = {
			isa = PBXFrameworksBuildPhase;
			buildActionMask = 2147483647;
			files = (
			);
			runOnlyForDeploymentPostprocessing = 0;
		};
		66639C3424B3CF5800EC0E71 /* Frameworks */ = {
			isa = PBXFrameworksBuildPhase;
			buildActionMask = 2147483647;
			files = (
			);
			runOnlyForDeploymentPostprocessing = 0;
		};
/* End PBXFrameworksBuildPhase section */

/* Begin PBXGroup section */
		66639C0D24B3CF4300EC0E71 = {
			isa = PBXGroup;
			children = (
				66639C1824B3CF4300EC0E71 /* Memorygame */,
				66639C2F24B3CF5800EC0E71 /* MemorygameTests */,
				66639C3A24B3CF5800EC0E71 /* MemorygameUITests */,
				66639C1724B3CF4300EC0E71 /* Products */,
			);
			sourceTree = "<group>";
		};
		66639C1724B3CF4300EC0E71 /* Products */ = {
			isa = PBXGroup;
			children = (
				66639C1624B3CF4300EC0E71 /* Memorygame.app */,
				66639C2C24B3CF5800EC0E71 /* MemorygameTests.xctest */,
				66639C3724B3CF5800EC0E71 /* MemorygameUITests.xctest */,
			);
			name = Products;
			sourceTree = "<group>";
		};
		66639C1824B3CF4300EC0E71 /* Memorygame */ = {
			isa = PBXGroup;
			children = (
				66CB5CA824B3D6C300D450D5 /* Main.storyboard */,
				66639C1924B3CF4300EC0E71 /* AppDelegate.swift */,
				66639C1D24B3CF4300EC0E71 /* ViewController.swift */,
				66639C1F24B3CF5800EC0E71 /* Assets.xcassets */,
				66639C2424B3CF5800EC0E71 /* LaunchScreen.storyboard */,
				66639C2724B3CF5800EC0E71 /* Info.plist */,
				66639C2124B3CF5800EC0E71 /* Preview Content */,
			);
			path = Memorygame;
			sourceTree = "<group>";
		};
		66639C2124B3CF5800EC0E71 /* Preview Content */ = {
			isa = PBXGroup;
			children = (
				66639C2224B3CF5800EC0E71 /* Preview Assets.xcassets */,
			);
			path = "Preview Content";
			sourceTree = "<group>";
		};
		66639C2F24B3CF5800EC0E71 /* MemorygameTests */ = {
			isa = PBXGroup;
			children = (
				66639C3024B3CF5800EC0E71 /* MemorygameTests.swift */,
				66639C3224B3CF5800EC0E71 /* Info.plist */,
			);
			path = MemorygameTests;
			sourceTree = "<group>";
		};
		66639C3A24B3CF5800EC0E71 /* MemorygameUITests */ = {
			isa = PBXGroup;
			children = (
				66639C3B24B3CF5800EC0E71 /* MemorygameUITests.swift */,
				66639C3D24B3CF5800EC0E71 /* Info.plist */,
			);
			path = MemorygameUITests;
			sourceTree = "<group>";
		};
/* End PBXGroup section */

/* Begin PBXNativeTarget section */
		66639C1524B3CF4300EC0E71 /* Memorygame */ = {
			isa = PBXNativeTarget;
			buildConfigurationList = 66639C4024B3CF5800EC0E71 /* Build configuration list for PBXNativeTarget "Memorygame" */;
			buildPhases = (
				66639C1224B3CF4300EC0E71 /* Sources */,
				66639C1324B3CF4300EC0E71 /* Frameworks */,
				66639C1424B3CF4300EC0E71 /* Resources */,
			);
			buildRules = (
			);
			dependencies = (
			);
			name = Memorygame;
			productName = Memorygame;
			productReference = 66639C1624B3CF4300EC0E71 /* Memorygame.app */;
			productType = "com.apple.product-type.application";
		};
		66639C2B24B3CF5800EC0E71 /* MemorygameTests */ = {
			isa = PBXNativeTarget;
			buildConfigurationList = 66639C4324B3CF5800EC0E71 /* Build configuration list for PBXNativeTarget "MemorygameTests" */;
			buildPhases = (
				66639C2824B3CF5800EC0E71 /* Sources */,
				66639C2924B3CF5800EC0E71 /* Frameworks */,
				66639C2A24B3CF5800EC0E71 /* Resources */,
			);
			buildRules = (
			);
			dependencies = (
				66639C2E24B3CF5800EC0E71 /* PBXTargetDependency */,
			);
			name = MemorygameTests;
			productName = MemorygameTests;
			productReference = 66639C2C24B3CF5800EC0E71 /* MemorygameTests.xctest */;
			productType = "com.apple.product-type.bundle.unit-test";
		};
		66639C3624B3CF5800EC0E71 /* MemorygameUITests */ = {
			isa = PBXNativeTarget;
			buildConfigurationList = 66639C4624B3CF5800EC0E71 /* Build configuration list for PBXNativeTarget "MemorygameUITests" */;
			buildPhases = (
				66639C3324B3CF5800EC0E71 /* Sources */,
				66639C3424B3CF5800EC0E71 /* Frameworks */,
				66639C3524B3CF5800EC0E71 /* Resources */,
			);
			buildRules = (
			);
			dependencies = (
				66639C3924B3CF5800EC0E71 /* PBXTargetDependency */,
			);
			name = MemorygameUITests;
			productName = MemorygameUITests;
			productReference = 66639C3724B3CF5800EC0E71 /* MemorygameUITests.xctest */;
			productType = "com.apple.product-type.bundle.ui-testing";
		};
/* End PBXNativeTarget section */

/* Begin PBXProject section */
		66639C0E24B3CF4300EC0E71 /* Project object */ = {
			isa = PBXProject;
			attributes = {
				LastSwiftUpdateCheck = 1140;
				LastUpgradeCheck = 1140;
				ORGANIZATIONNAME = "Adam, Krystian";
				TargetAttributes = {
					66639C1524B3CF4300EC0E71 = {
						CreatedOnToolsVersion = 11.4;
					};
					66639C2B24B3CF5800EC0E71 = {
						CreatedOnToolsVersion = 11.4;
						TestTargetID = 66639C1524B3CF4300EC0E71;
					};
					66639C3624B3CF5800EC0E71 = {
						CreatedOnToolsVersion = 11.4;
						TestTargetID = 66639C1524B3CF4300EC0E71;
					};
				};
			};
			buildConfigurationList = 66639C1124B3CF4300EC0E71 /* Build configuration list for PBXProject "Memorygame" */;
			compatibilityVersion = "Xcode 9.3";
			developmentRegion = en;
			hasScannedForEncodings = 0;
			knownRegions = (
				en,
				Base,
			);
			mainGroup = 66639C0D24B3CF4300EC0E71;
			productRefGroup = 66639C1724B3CF4300EC0E71 /* Products */;
			projectDirPath = "";
			projectRoot = "";
			targets = (
				66639C1524B3CF4300EC0E71 /* Memorygame */,
				66639C2B24B3CF5800EC0E71 /* MemorygameTests */,
				66639C3624B3CF5800EC0E71 /* MemorygameUITests */,
			);
		};
/* End PBXProject section */

/* Begin PBXResourcesBuildPhase section */
		66639C1424B3CF4300EC0E71 /* Resources */ = {
			isa = PBXResourcesBuildPhase;
			buildActionMask = 2147483647;
			files = (
				66639C2624B3CF5800EC0E71 /* LaunchScreen.storyboard in Resources */,
				66639C2324B3CF5800EC0E71 /* Preview Assets.xcassets in Resources */,
				66639C2024B3CF5800EC0E71 /* Assets.xcassets in Resources */,
				66CB5CAA24B3D6C300D450D5 /* Main.storyboard in Resources */,
			);
			runOnlyForDeploymentPostprocessing = 0;
		};
		66639C2A24B3CF5800EC0E71 /* Resources */ = {
			isa = PBXResourcesBuildPhase;
			buildActionMask = 2147483647;
			files = (
			);
			runOnlyForDeploymentPostprocessing = 0;
		};
		66639C3524B3CF5800EC0E71 /* Resources */ = {
			isa = PBXResourcesBuildPhase;
			buildActionMask = 2147483647;
			files = (
			);
			runOnlyForDeploymentPostprocessing = 0;
		};
/* End PBXResourcesBuildPhase section */

/* Begin PBXSourcesBuildPhase section */
		66639C1224B3CF4300EC0E71 /* Sources */ = {
			isa = PBXSourcesBuildPhase;
			buildActionMask = 2147483647;
			files = (
				66639C1A24B3CF4300EC0E71 /* AppDelegate.swift in Sources */,
				66639C1E24B3CF4300EC0E71 /* ViewController.swift in Sources */,
			);
			runOnlyForDeploymentPostprocessing = 0;
		};
		66639C2824B3CF5800EC0E71 /* Sources */ = {
			isa = PBXSourcesBuildPhase;
			buildActionMask = 2147483647;
			files = (
				66639C3124B3CF5800EC0E71 /* MemorygameTests.swift in Sources */,
			);
			runOnlyForDeploymentPostprocessing = 0;
		};
		66639C3324B3CF5800EC0E71 /* Sources */ = {
			isa = PBXSourcesBuildPhase;
			buildActionMask = 2147483647;
			files = (
				66639C3C24B3CF5800EC0E71 /* MemorygameUITests.swift in Sources */,
			);
			runOnlyForDeploymentPostprocessing = 0;
		};
/* End PBXSourcesBuildPhase section */

/* Begin PBXTargetDependency section */
		66639C2E24B3CF5800EC0E71 /* PBXTargetDependency */ = {
			isa = PBXTargetDependency;
			target = 66639C1524B3CF4300EC0E71 /* Memorygame */;
			targetProxy = 66639C2D24B3CF5800EC0E71 /* PBXContainerItemProxy */;
		};
		66639C3924B3CF5800EC0E71 /* PBXTargetDependency */ = {
			isa = PBXTargetDependency;
			target = 66639C1524B3CF4300EC0E71 /* Memorygame */;
			targetProxy = 66639C3824B3CF5800EC0E71 /* PBXContainerItemProxy */;
		};
/* End PBXTargetDependency section */

/* Begin PBXVariantGroup section */
		66639C2424B3CF5800EC0E71 /* LaunchScreen.storyboard */ = {
			isa = PBXVariantGroup;
			children = (
				66639C2524B3CF5800EC0E71 /* Base */,
			);
			name = LaunchScreen.storyboard;
			sourceTree = "<group>";
		};
		66CB5CA824B3D6C300D450D5 /* Main.storyboard */ = {
			isa = PBXVariantGroup;
			children = (
				66CB5CA924B3D6C300D450D5 /* Base */,
			);
			name = Main.storyboard;
			sourceTree = "<group>";
		};
/* End PBXVariantGroup section */

/* Begin XCBuildConfiguration section */
		66639C3E24B3CF5800EC0E71 /* Debug */ = {
			isa = XCBuildConfiguration;
			buildSettings = {
				ALWAYS_SEARCH_USER_PATHS = NO;
				CLANG_ANALYZER_NONNULL = YES;
				CLANG_ANALYZER_NUMBER_OBJECT_CONVERSION = YES_AGGRESSIVE;
				CLANG_CXX_LANGUAGE_STANDARD = "gnu++14";
				CLANG_CXX_LIBRARY = "libc++";
				CLANG_ENABLE_MODULES = YES;
				CLANG_ENABLE_OBJC_ARC = YES;
				CLANG_ENABLE_OBJC_WEAK = YES;
				CLANG_WARN_BLOCK_CAPTURE_AUTORELEASING = YES;
				CLANG_WARN_BOOL_CONVERSION = YES;
				CLANG_WARN_COMMA = YES;
				CLANG_WARN_CONSTANT_CONVERSION = YES;
				CLANG_WARN_DEPRECATED_OBJC_IMPLEMENTATIONS = YES;
				CLANG_WARN_DIRECT_OBJC_ISA_USAGE = YES_ERROR;
				CLANG_WARN_DOCUMENTATION_COMMENTS = YES;
				CLANG_WARN_EMPTY_BODY = YES;
				CLANG_WARN_ENUM_CONVERSION = YES;
				CLANG_WARN_INFINITE_RECURSION = YES;
				CLANG_WARN_INT_CONVERSION = YES;
				CLANG_WARN_NON_LITERAL_NULL_CONVERSION = YES;
				CLANG_WARN_OBJC_IMPLICIT_RETAIN_SELF = YES;
				CLANG_WARN_OBJC_LITERAL_CONVERSION = YES;
				CLANG_WARN_OBJC_ROOT_CLASS = YES_ERROR;
				CLANG_WARN_RANGE_LOOP_ANALYSIS = YES;
				CLANG_WARN_STRICT_PROTOTYPES = YES;
				CLANG_WARN_SUSPICIOUS_MOVE = YES;
				CLANG_WARN_UNGUARDED_AVAILABILITY = YES_AGGRESSIVE;
				CLANG_WARN_UNREACHABLE_CODE = YES;
				CLANG_WARN__DUPLICATE_METHOD_MATCH = YES;
				COPY_PHASE_STRIP = NO;
				DEBUG_INFORMATION_FORMAT = dwarf;
				ENABLE_STRICT_OBJC_MSGSEND = YES;
				ENABLE_TESTABILITY = YES;
				GCC_C_LANGUAGE_STANDARD = gnu11;
				GCC_DYNAMIC_NO_PIC = NO;
				GCC_NO_COMMON_BLOCKS = YES;
				GCC_OPTIMIZATION_LEVEL = 0;
				GCC_PREPROCESSOR_DEFINITIONS = (
					"DEBUG=1",
					"$(inherited)",
				);
				GCC_WARN_64_TO_32_BIT_CONVERSION = YES;
				GCC_WARN_ABOUT_RETURN_TYPE = YES_ERROR;
				GCC_WARN_UNDECLARED_SELECTOR = YES;
				GCC_WARN_UNINITIALIZED_AUTOS = YES_AGGRESSIVE;
				GCC_WARN_UNUSED_FUNCTION = YES;
				GCC_WARN_UNUSED_VARIABLE = YES;
				IPHONEOS_DEPLOYMENT_TARGET = 13.4;
				MTL_ENABLE_DEBUG_INFO = INCLUDE_SOURCE;
				MTL_FAST_MATH = YES;
				ONLY_ACTIVE_ARCH = YES;
				SDKROOT = iphoneos;
				SWIFT_ACTIVE_COMPILATION_CONDITIONS = DEBUG;
				SWIFT_OPTIMIZATION_LEVEL = "-Onone";
			};
			name = Debug;
		};
		66639C3F24B3CF5800EC0E71 /* Release */ = {
			isa = XCBuildConfiguration;
			buildSettings = {
				ALWAYS_SEARCH_USER_PATHS = NO;
				CLANG_ANALYZER_NONNULL = YES;
				CLANG_ANALYZER_NUMBER_OBJECT_CONVERSION = YES_AGGRESSIVE;
				CLANG_CXX_LANGUAGE_STANDARD = "gnu++14";
				CLANG_CXX_LIBRARY = "libc++";
				CLANG_ENABLE_MODULES = YES;
				CLANG_ENABLE_OBJC_ARC = YES;
				CLANG_ENABLE_OBJC_WEAK = YES;
				CLANG_WARN_BLOCK_CAPTURE_AUTORELEASING = YES;
				CLANG_WARN_BOOL_CONVERSION = YES;
				CLANG_WARN_COMMA = YES;
				CLANG_WARN_CONSTANT_CONVERSION = YES;
				CLANG_WARN_DEPRECATED_OBJC_IMPLEMENTATIONS = YES;
				CLANG_WARN_DIRECT_OBJC_ISA_USAGE = YES_ERROR;
				CLANG_WARN_DOCUMENTATION_COMMENTS = YES;
				CLANG_WARN_EMPTY_BODY = YES;
				CLANG_WARN_ENUM_CONVERSION = YES;
				CLANG_WARN_INFINITE_RECURSION = YES;
				CLANG_WARN_INT_CONVERSION = YES;
				CLANG_WARN_NON_LITERAL_NULL_CONVERSION = YES;
				CLANG_WARN_OBJC_IMPLICIT_RETAIN_SELF = YES;
				CLANG_WARN_OBJC_LITERAL_CONVERSION = YES;
				CLANG_WARN_OBJC_ROOT_CLASS = YES_ERROR;
				CLANG_WARN_RANGE_LOOP_ANALYSIS = YES;
				CLANG_WARN_STRICT_PROTOTYPES = YES;
				CLANG_WARN_SUSPICIOUS_MOVE = YES;
				CLANG_WARN_UNGUARDED_AVAILABILITY = YES_AGGRESSIVE;
				CLANG_WARN_UNREACHABLE_CODE = YES;
				CLANG_WARN__DUPLICATE_METHOD_MATCH = YES;
				COPY_PHASE_STRIP = NO;
				DEBUG_INFORMATION_FORMAT = "dwarf-with-dsym";
				ENABLE_NS_ASSERTIONS = NO;
				ENABLE_STRICT_OBJC_MSGSEND = YES;
				GCC_C_LANGUAGE_STANDARD = gnu11;
				GCC_NO_COMMON_BLOCKS = YES;
				GCC_WARN_64_TO_32_BIT_CONVERSION = YES;
				GCC_WARN_ABOUT_RETURN_TYPE = YES_ERROR;
				GCC_WARN_UNDECLARED_SELECTOR = YES;
				GCC_WARN_UNINITIALIZED_AUTOS = YES_AGGRESSIVE;
				GCC_WARN_UNUSED_FUNCTION = YES;
				GCC_WARN_UNUSED_VARIABLE = YES;
				IPHONEOS_DEPLOYMENT_TARGET = 13.4;
				MTL_ENABLE_DEBUG_INFO = NO;
				MTL_FAST_MATH = YES;
				SDKROOT = iphoneos;
				SWIFT_COMPILATION_MODE = wholemodule;
				SWIFT_OPTIMIZATION_LEVEL = "-O";
				VALIDATE_PRODUCT = YES;
			};
			name = Release;
		};
		66639C4124B3CF5800EC0E71 /* Debug */ = {
			isa = XCBuildConfiguration;
			buildSettings = {
				ASSETCATALOG_COMPILER_APPICON_NAME = AppIcon;
				CODE_SIGN_STYLE = Automatic;
				DEVELOPMENT_ASSET_PATHS = "\"Memorygame/Preview Content\"";
				ENABLE_PREVIEWS = YES;
				INFOPLIST_FILE = Memorygame/Info.plist;
				LD_RUNPATH_SEARCH_PATHS = (
					"$(inherited)",
					"@executable_path/Frameworks",
				);
				PRODUCT_BUNDLE_IDENTIFIER = pl.com.Memorygame;
				PRODUCT_NAME = "$(TARGET_NAME)";
				SWIFT_VERSION = 5.0;
				TARGETED_DEVICE_FAMILY = "1,2";
			};
			name = Debug;
		};
		66639C4224B3CF5800EC0E71 /* Release */ = {
			isa = XCBuildConfiguration;
			buildSettings = {
				ASSETCATALOG_COMPILER_APPICON_NAME = AppIcon;
				CODE_SIGN_STYLE = Automatic;
				DEVELOPMENT_ASSET_PATHS = "\"Memorygame/Preview Content\"";
				ENABLE_PREVIEWS = YES;
				INFOPLIST_FILE = Memorygame/Info.plist;
				LD_RUNPATH_SEARCH_PATHS = (
					"$(inherited)",
					"@executable_path/Frameworks",
				);
				PRODUCT_BUNDLE_IDENTIFIER = pl.com.Memorygame;
				PRODUCT_NAME = "$(TARGET_NAME)";
				SWIFT_VERSION = 5.0;
				TARGETED_DEVICE_FAMILY = "1,2";
			};
			name = Release;
		};
		66639C4424B3CF5800EC0E71 /* Debug */ = {
			isa = XCBuildConfiguration;
			buildSettings = {
				ALWAYS_EMBED_SWIFT_STANDARD_LIBRARIES = YES;
				BUNDLE_LOADER = "$(TEST_HOST)";
				CODE_SIGN_STYLE = Automatic;
				INFOPLIST_FILE = MemorygameTests/Info.plist;
				IPHONEOS_DEPLOYMENT_TARGET = 13.4;
				LD_RUNPATH_SEARCH_PATHS = (
					"$(inherited)",
					"@executable_path/Frameworks",
					"@loader_path/Frameworks",
				);
				PRODUCT_BUNDLE_IDENTIFIER = pl.com.MemorygameTests;
				PRODUCT_NAME = "$(TARGET_NAME)";
				SWIFT_VERSION = 5.0;
				TARGETED_DEVICE_FAMILY = "1,2";
				TEST_HOST = "$(BUILT_PRODUCTS_DIR)/Memorygame.app/Memorygame";
			};
			name = Debug;
		};
		66639C4524B3CF5800EC0E71 /* Release */ = {
			isa = XCBuildConfiguration;
			buildSettings = {
				ALWAYS_EMBED_SWIFT_STANDARD_LIBRARIES = YES;
				BUNDLE_LOADER = "$(TEST_HOST)";
				CODE_SIGN_STYLE = Automatic;
				INFOPLIST_FILE = MemorygameTests/Info.plist;
				IPHONEOS_DEPLOYMENT_TARGET = 13.4;
				LD_RUNPATH_SEARCH_PATHS = (
					"$(inherited)",
					"@executable_path/Frameworks",
					"@loader_path/Frameworks",
				);
				PRODUCT_BUNDLE_IDENTIFIER = pl.com.MemorygameTests;
				PRODUCT_NAME = "$(TARGET_NAME)";
				SWIFT_VERSION = 5.0;
				TARGETED_DEVICE_FAMILY = "1,2";
				TEST_HOST = "$(BUILT_PRODUCTS_DIR)/Memorygame.app/Memorygame";
			};
			name = Release;
		};
		66639C4724B3CF5800EC0E71 /* Debug */ = {
			isa = XCBuildConfiguration;
			buildSettings = {
				ALWAYS_EMBED_SWIFT_STANDARD_LIBRARIES = YES;
				CODE_SIGN_STYLE = Automatic;
				INFOPLIST_FILE = MemorygameUITests/Info.plist;
				LD_RUNPATH_SEARCH_PATHS = (
					"$(inherited)",
					"@executable_path/Frameworks",
					"@loader_path/Frameworks",
				);
				PRODUCT_BUNDLE_IDENTIFIER = pl.com.MemorygameUITests;
				PRODUCT_NAME = "$(TARGET_NAME)";
				SWIFT_VERSION = 5.0;
				TARGETED_DEVICE_FAMILY = "1,2";
				TEST_TARGET_NAME = Memorygame;
			};
			name = Debug;
		};
		66639C4824B3CF5800EC0E71 /* Release */ = {
			isa = XCBuildConfiguration;
			buildSettings = {
				ALWAYS_EMBED_SWIFT_STANDARD_LIBRARIES = YES;
				CODE_SIGN_STYLE = Automatic;
				INFOPLIST_FILE = MemorygameUITests/Info.plist;
				LD_RUNPATH_SEARCH_PATHS = (
					"$(inherited)",
					"@executable_path/Frameworks",
					"@loader_path/Frameworks",
				);
				PRODUCT_BUNDLE_IDENTIFIER = pl.com.MemorygameUITests;
				PRODUCT_NAME = "$(TARGET_NAME)";
				SWIFT_VERSION = 5.0;
				TARGETED_DEVICE_FAMILY = "1,2";
				TEST_TARGET_NAME = Memorygame;
			};
			name = Release;
		};
/* End XCBuildConfiguration section */

/* Begin XCConfigurationList section */
		66639C1124B3CF4300EC0E71 /* Build configuration list for PBXProject "Memorygame" */ = {
			isa = XCConfigurationList;
			buildConfigurations = (
				66639C3E24B3CF5800EC0E71 /* Debug */,
				66639C3F24B3CF5800EC0E71 /* Release */,
			);
			defaultConfigurationIsVisible = 0;
			defaultConfigurationName = Release;
		};
		66639C4024B3CF5800EC0E71 /* Build configuration list for PBXNativeTarget "Memorygame" */ = {
			isa = XCConfigurationList;
			buildConfigurations = (
				66639C4124B3CF5800EC0E71 /* Debug */,
				66639C4224B3CF5800EC0E71 /* Release */,
			);
			defaultConfigurationIsVisible = 0;
			defaultConfigurationName = Release;
		};
		66639C4324B3CF5800EC0E71 /* Build configuration list for PBXNativeTarget "MemorygameTests" */ = {
			isa = XCConfigurationList;
			buildConfigurations = (
				66639C4424B3CF5800EC0E71 /* Debug */,
				66639C4524B3CF5800EC0E71 /* Release */,
			);
			defaultConfigurationIsVisible = 0;
			defaultConfigurationName = Release;
		};
		66639C4624B3CF5800EC0E71 /* Build configuration list for PBXNativeTarget "MemorygameUITests" */ = {
			isa = XCConfigurationList;
			buildConfigurations = (
				66639C4724B3CF5800EC0E71 /* Debug */,
				66639C4824B3CF5800EC0E71 /* Release */,
			);
			defaultConfigurationIsVisible = 0;
			defaultConfigurationName = Release;
		};
/* End XCConfigurationList section */
	};
	rootObject = 66639C0E24B3CF4300EC0E71 /* Project object */;
}
